
Microsoft Visual Studio Solution File, Format Version 12.00
# Visual Studio Version 17
VisualStudioVersion = 17.12.35707.178
MinimumVisualStudioVersion = 10.0.40219.1
Project("{FAE04EC0-301F-11D3-BF4B-00C04F79EFBC}") = "pepeizq deals extension", "pepeizq deals extension\pepeizq deals extension.csproj", "{5EACF578-E7C1-44C5-8D7F-6EB8FEB2962E}"
EndProject
Global
	GlobalSection(SolutionConfigurationPlatforms) = preSolution
		Debug|Any CPU = Debug|Any CPU
		Release|Any CPU = Release|Any CPU
	EndGlobalSection
	GlobalSection(ProjectConfigurationPlatforms) = postSolution
		{5EACF578-E7C1-44C5-8D7F-6EB8FEB2962E}.Debug|Any CPU.ActiveCfg = Debug|Any CPU
		{5EACF578-E7C1-44C5-8D7F-6EB8FEB2962E}.Debug|Any CPU.Build.0 = Debug|Any CPU
		{5EACF578-E7C1-44C5-8D7F-6EB8FEB2962E}.Release|Any CPU.ActiveCfg = Release|Any CPU
		{5EACF578-E7C1-44C5-8D7F-6EB8FEB2962E}.Release|Any CPU.Build.0 = Release|Any CPU
	EndGlobalSection
	GlobalSection(SolutionProperties) = preSolution
		HideSolutionNode = FALSE
	EndGlobalSection
	GlobalSection(ExtensibilityGlobals) = postSolution
		SolutionGuid = {497EC618-C07D-4215-9BE6-581380A476FC}
	EndGlobalSection
EndGlobal
